// !$*UTF8*$!
{
	archiveVersion = 1;
	classes = {
	};
	objectVersion = 51;
	objects = {

/* Begin PBXBuildFile section */
		525B23F227AEEB34009057C5 /* AppDelegate.swift in Sources */ = {isa = PBXBuildFile; fileRef = 525B23F127AEEB34009057C5 /* AppDelegate.swift */; };
		525B23F427AEEB34009057C5 /* SceneDelegate.swift in Sources */ = {isa = PBXBuildFile; fileRef = 525B23F327AEEB34009057C5 /* SceneDelegate.swift */; };
		525B23FB27AEEB41009057C5 /* Assets.xcassets in Resources */ = {isa = PBXBuildFile; fileRef = 525B23FA27AEEB41009057C5 /* Assets.xcassets */; };
		525B23FE27AEEB41009057C5 /* LaunchScreen.storyboard in Resources */ = {isa = PBXBuildFile; fileRef = 525B23FC27AEEB41009057C5 /* LaunchScreen.storyboard */; };
		525B240627AEED3F009057C5 /* MainTabBarController.swift in Sources */ = {isa = PBXBuildFile; fileRef = 525B240527AEED3F009057C5 /* MainTabBarController.swift */; };
		525B240827AEEFA5009057C5 /* PhotosCollectionViewController.swift in Sources */ = {isa = PBXBuildFile; fileRef = 525B240727AEEFA5009057C5 /* PhotosCollectionViewController.swift */; };
		525B240A27B00282009057C5 /* NetworkService.swift in Sources */ = {isa = PBXBuildFile; fileRef = 525B240927B00282009057C5 /* NetworkService.swift */; };
		525B240D27B16C4C009057C5 /* NetworkDataFetcher.swift in Sources */ = {isa = PBXBuildFile; fileRef = 525B240C27B16C4C009057C5 /* NetworkDataFetcher.swift */; };
		525B240F27B16D07009057C5 /* SearchResults.swift in Sources */ = {isa = PBXBuildFile; fileRef = 525B240E27B16D07009057C5 /* SearchResults.swift */; };
		525B241227B2DC5A009057C5 /* PhotoCell.swift in Sources */ = {isa = PBXBuildFile; fileRef = 525B241127B2DC5A009057C5 /* PhotoCell.swift */; };
		525B241627B655D2009057C5 /* LikesCollectionViewController.swift in Sources */ = {isa = PBXBuildFile; fileRef = 525B241527B655D2009057C5 /* LikesCollectionViewController.swift */; };
		525B241827B65600009057C5 /* LikesCollectionViewCell.swift in Sources */ = {isa = PBXBuildFile; fileRef = 525B241727B65600009057C5 /* LikesCollectionViewCell.swift */; };
		525B241B27B65671009057C5 /* UIKit + Extension.swift in Sources */ = {isa = PBXBuildFile; fileRef = 525B241A27B65671009057C5 /* UIKit + Extension.swift */; };
		5260F8AE27BC0363002F84FB /* WaterfallLayout.swift in Sources */ = {isa = PBXBuildFile; fileRef = 5260F8AD27BC0363002F84FB /* WaterfallLayout.swift */; };
		7825926083FD7872439987E7 /* Pods_PhotoGallery.framework in Frameworks */ = {isa = PBXBuildFile; fileRef = 489AF441A9F74C8D390CA268 /* Pods_PhotoGallery.framework */; };
/* End PBXBuildFile section */

/* Begin PBXFileReference section */
		489AF441A9F74C8D390CA268 /* Pods_PhotoGallery.framework */ = {isa = PBXFileReference; explicitFileType = wrapper.framework; includeInIndex = 0; path = Pods_PhotoGallery.framework; sourceTree = BUILT_PRODUCTS_DIR; };
		525B23EE27AEEB34009057C5 /* PhotoGallery.app */ = {isa = PBXFileReference; explicitFileType = wrapper.application; includeInIndex = 0; path = PhotoGallery.app; sourceTree = BUILT_PRODUCTS_DIR; };
		525B23F127AEEB34009057C5 /* AppDelegate.swift */ = {isa = PBXFileReference; lastKnownFileType = sourcecode.swift; path = AppDelegate.swift; sourceTree = "<group>"; };
		525B23F327AEEB34009057C5 /* SceneDelegate.swift */ = {isa = PBXFileReference; lastKnownFileType = sourcecode.swift; path = SceneDelegate.swift; sourceTree = "<group>"; };
		525B23FA27AEEB41009057C5 /* Assets.xcassets */ = {isa = PBXFileReference; lastKnownFileType = folder.assetcatalog; path = Assets.xcassets; sourceTree = "<group>"; };
		525B23FD27AEEB41009057C5 /* Base */ = {isa = PBXFileReference; lastKnownFileType = file.storyboard; name = Base; path = Base.lproj/LaunchScreen.storyboard; sourceTree = "<group>"; };
		525B23FF27AEEB41009057C5 /* Info.plist */ = {isa = PBXFileReference; lastKnownFileType = text.plist.xml; path = Info.plist; sourceTree = "<group>"; };
		525B240527AEED3F009057C5 /* MainTabBarController.swift */ = {isa = PBXFileReference; lastKnownFileType = sourcecode.swift; path = MainTabBarController.swift; sourceTree = "<group>"; };
		525B240727AEEFA5009057C5 /* PhotosCollectionViewController.swift */ = {isa = PBXFileReference; lastKnownFileType = sourcecode.swift; path = PhotosCollectionViewController.swift; sourceTree = "<group>"; };
		525B240927B00282009057C5 /* NetworkService.swift */ = {isa = PBXFileReference; lastKnownFileType = sourcecode.swift; path = NetworkService.swift; sourceTree = "<group>"; };
		525B240C27B16C4C009057C5 /* NetworkDataFetcher.swift */ = {isa = PBXFileReference; lastKnownFileType = sourcecode.swift; path = NetworkDataFetcher.swift; sourceTree = "<group>"; };
		525B240E27B16D07009057C5 /* SearchResults.swift */ = {isa = PBXFileReference; lastKnownFileType = sourcecode.swift; path = SearchResults.swift; sourceTree = "<group>"; };
		525B241127B2DC5A009057C5 /* PhotoCell.swift */ = {isa = PBXFileReference; lastKnownFileType = sourcecode.swift; path = PhotoCell.swift; sourceTree = "<group>"; };
		525B241527B655D2009057C5 /* LikesCollectionViewController.swift */ = {isa = PBXFileReference; lastKnownFileType = sourcecode.swift; path = LikesCollectionViewController.swift; sourceTree = "<group>"; };
		525B241727B65600009057C5 /* LikesCollectionViewCell.swift */ = {isa = PBXFileReference; lastKnownFileType = sourcecode.swift; path = LikesCollectionViewCell.swift; sourceTree = "<group>"; };
		525B241A27B65671009057C5 /* UIKit + Extension.swift */ = {isa = PBXFileReference; lastKnownFileType = sourcecode.swift; path = "UIKit + Extension.swift"; sourceTree = "<group>"; };
		5260F8AD27BC0363002F84FB /* WaterfallLayout.swift */ = {isa = PBXFileReference; lastKnownFileType = sourcecode.swift; path = WaterfallLayout.swift; sourceTree = "<group>"; };
		B0BE56D2FDCCD36A736276D5 /* Pods-PhotoGallery.release.xcconfig */ = {isa = PBXFileReference; includeInIndex = 1; lastKnownFileType = text.xcconfig; name = "Pods-PhotoGallery.release.xcconfig"; path = "Target Support Files/Pods-PhotoGallery/Pods-PhotoGallery.release.xcconfig"; sourceTree = "<group>"; };
		DE4BDCA3AC4EFEA0FBB483E1 /* Pods-PhotoGallery.debug.xcconfig */ = {isa = PBXFileReference; includeInIndex = 1; lastKnownFileType = text.xcconfig; name = "Pods-PhotoGallery.debug.xcconfig"; path = "Target Support Files/Pods-PhotoGallery/Pods-PhotoGallery.debug.xcconfig"; sourceTree = "<group>"; };
/* End PBXFileReference section */

/* Begin PBXFrameworksBuildPhase section */
		525B23EB27AEEB34009057C5 /* Frameworks */ = {
			isa = PBXFrameworksBuildPhase;
			buildActionMask = 2147483647;
			files = (
				7825926083FD7872439987E7 /* Pods_PhotoGallery.framework in Frameworks */,
			);
			runOnlyForDeploymentPostprocessing = 0;
		};
/* End PBXFrameworksBuildPhase section */

/* Begin PBXGroup section */
		525B23E527AEEB34009057C5 = {
			isa = PBXGroup;
			children = (
				525B23F027AEEB34009057C5 /* PhotoGallery */,
				525B23EF27AEEB34009057C5 /* Products */,
				6AB2B119A7C29511DE125008 /* Pods */,
				ED90E7E883458A06F7E77FD6 /* Frameworks */,
			);
			sourceTree = "<group>";
		};
		525B23EF27AEEB34009057C5 /* Products */ = {
			isa = PBXGroup;
			children = (
				525B23EE27AEEB34009057C5 /* PhotoGallery.app */,
			);
			name = Products;
			sourceTree = "<group>";
		};
		525B23F027AEEB34009057C5 /* PhotoGallery */ = {
			isa = PBXGroup;
			children = (
				525B241D27B78DAA009057C5 /* Application */,
				525B241027B16D15009057C5 /* Models */,
				525B241F27B78F13009057C5 /* ViewControllers */,
				525B240B27B00D0A009057C5 /* Service */,
				525B241C27B78D24009057C5 /* Extensions */,
				525B241927B65650009057C5 /* Helpers */,
			);
			path = PhotoGallery;
			sourceTree = "<group>";
		};
		525B240B27B00D0A009057C5 /* Service */ = {
			isa = PBXGroup;
			children = (
				525B240927B00282009057C5 /* NetworkService.swift */,
				525B240C27B16C4C009057C5 /* NetworkDataFetcher.swift */,
			);
			path = Service;
			sourceTree = "<group>";
		};
		525B241027B16D15009057C5 /* Models */ = {
			isa = PBXGroup;
			children = (
				525B240E27B16D07009057C5 /* SearchResults.swift */,
			);
			path = Models;
			sourceTree = "<group>";
		};
		525B241327B65568009057C5 /* Photos */ = {
			isa = PBXGroup;
			children = (
				525B240727AEEFA5009057C5 /* PhotosCollectionViewController.swift */,
				5260F8AD27BC0363002F84FB /* WaterfallLayout.swift */,
				525B241127B2DC5A009057C5 /* PhotoCell.swift */,
			);
			path = Photos;
			sourceTree = "<group>";
		};
		525B241427B6557B009057C5 /* Likes */ = {
			isa = PBXGroup;
			children = (
				525B241527B655D2009057C5 /* LikesCollectionViewController.swift */,
				525B241727B65600009057C5 /* LikesCollectionViewCell.swift */,
			);
			path = Likes;
			sourceTree = "<group>";
		};
		525B241927B65650009057C5 /* Helpers */ = {
			isa = PBXGroup;
			children = (
				525B23FA27AEEB41009057C5 /* Assets.xcassets */,
				525B23FC27AEEB41009057C5 /* LaunchScreen.storyboard */,
				525B23FF27AEEB41009057C5 /* Info.plist */,
			);
			path = Helpers;
			sourceTree = "<group>";
		};
		525B241C27B78D24009057C5 /* Extensions */ = {
			isa = PBXGroup;
			children = (
				525B241A27B65671009057C5 /* UIKit + Extension.swift */,
			);
			path = Extensions;
			sourceTree = "<group>";
		};
		525B241D27B78DAA009057C5 /* Application */ = {
			isa = PBXGroup;
			children = (
				525B23F127AEEB34009057C5 /* AppDelegate.swift */,
				525B23F327AEEB34009057C5 /* SceneDelegate.swift */,
			);
			path = Application;
			sourceTree = "<group>";
		};
		525B241F27B78F13009057C5 /* ViewControllers */ = {
			isa = PBXGroup;
			children = (
				525B240527AEED3F009057C5 /* MainTabBarController.swift */,
				525B241327B65568009057C5 /* Photos */,
				525B241427B6557B009057C5 /* Likes */,
			);
			path = ViewControllers;
			sourceTree = "<group>";
		};
		6AB2B119A7C29511DE125008 /* Pods */ = {
			isa = PBXGroup;
			children = (
				DE4BDCA3AC4EFEA0FBB483E1 /* Pods-PhotoGallery.debug.xcconfig */,
				B0BE56D2FDCCD36A736276D5 /* Pods-PhotoGallery.release.xcconfig */,
			);
			path = Pods;
			sourceTree = "<group>";
		};
		ED90E7E883458A06F7E77FD6 /* Frameworks */ = {
			isa = PBXGroup;
			children = (
				489AF441A9F74C8D390CA268 /* Pods_PhotoGallery.framework */,
			);
			name = Frameworks;
			sourceTree = "<group>";
		};
/* End PBXGroup section */

/* Begin PBXNativeTarget section */
		525B23ED27AEEB34009057C5 /* PhotoGallery */ = {
			isa = PBXNativeTarget;
			buildConfigurationList = 525B240227AEEB41009057C5 /* Build configuration list for PBXNativeTarget "PhotoGallery" */;
			buildPhases = (
				E16DBEB5B86B569C5E940ED0 /* [CP] Check Pods Manifest.lock */,
				525B23EA27AEEB34009057C5 /* Sources */,
				525B23EB27AEEB34009057C5 /* Frameworks */,
				525B23EC27AEEB34009057C5 /* Resources */,
				DF4F25948408BA18D8A24FAB /* [CP] Embed Pods Frameworks */,
			);
			buildRules = (
			);
			dependencies = (
			);
			name = PhotoGallery;
			productName = PhotoGallery;
			productReference = 525B23EE27AEEB34009057C5 /* PhotoGallery.app */;
			productType = "com.apple.product-type.application";
		};
/* End PBXNativeTarget section */

/* Begin PBXProject section */
		525B23E627AEEB34009057C5 /* Project object */ = {
			isa = PBXProject;
			attributes = {
				LastSwiftUpdateCheck = 1250;
				LastUpgradeCheck = 1250;
				TargetAttributes = {
					525B23ED27AEEB34009057C5 = {
						CreatedOnToolsVersion = 12.5.1;
					};
				};
			};
			buildConfigurationList = 525B23E927AEEB34009057C5 /* Build configuration list for PBXProject "PhotoGallery" */;
			compatibilityVersion = "Xcode 9.3";
			developmentRegion = en;
			hasScannedForEncodings = 0;
			knownRegions = (
				en,
				Base,
			);
			mainGroup = 525B23E527AEEB34009057C5;
			productRefGroup = 525B23EF27AEEB34009057C5 /* Products */;
			projectDirPath = "";
			projectRoot = "";
			targets = (
				525B23ED27AEEB34009057C5 /* PhotoGallery */,
			);
		};
/* End PBXProject section */

/* Begin PBXResourcesBuildPhase section */
		525B23EC27AEEB34009057C5 /* Resources */ = {
			isa = PBXResourcesBuildPhase;
			buildActionMask = 2147483647;
			files = (
				525B23FE27AEEB41009057C5 /* LaunchScreen.storyboard in Resources */,
				525B23FB27AEEB41009057C5 /* Assets.xcassets in Resources */,
			);
			runOnlyForDeploymentPostprocessing = 0;
		};
/* End PBXResourcesBuildPhase section */

/* Begin PBXShellScriptBuildPhase section */
		DF4F25948408BA18D8A24FAB /* [CP] Embed Pods Frameworks */ = {
			isa = PBXShellScriptBuildPhase;
			buildActionMask = 2147483647;
			files = (
			);
			inputFileListPaths = (
				"${PODS_ROOT}/Target Support Files/Pods-PhotoGallery/Pods-PhotoGallery-frameworks-${CONFIGURATION}-input-files.xcfilelist",
			);
			name = "[CP] Embed Pods Frameworks";
			outputFileListPaths = (
				"${PODS_ROOT}/Target Support Files/Pods-PhotoGallery/Pods-PhotoGallery-frameworks-${CONFIGURATION}-output-files.xcfilelist",
			);
			runOnlyForDeploymentPostprocessing = 0;
			shellPath = /bin/sh;
			shellScript = "\"${PODS_ROOT}/Target Support Files/Pods-PhotoGallery/Pods-PhotoGallery-frameworks.sh\"\n";
			showEnvVarsInLog = 0;
		};
		E16DBEB5B86B569C5E940ED0 /* [CP] Check Pods Manifest.lock */ = {
			isa = PBXShellScriptBuildPhase;
			buildActionMask = 2147483647;
			files = (
			);
			inputFileListPaths = (
			);
			inputPaths = (
				"${PODS_PODFILE_DIR_PATH}/Podfile.lock",
				"${PODS_ROOT}/Manifest.lock",
			);
			name = "[CP] Check Pods Manifest.lock";
			outputFileListPaths = (
			);
			outputPaths = (
				"$(DERIVED_FILE_DIR)/Pods-PhotoGallery-checkManifestLockResult.txt",
			);
			runOnlyForDeploymentPostprocessing = 0;
			shellPath = /bin/sh;
			shellScript = "diff \"${PODS_PODFILE_DIR_PATH}/Podfile.lock\" \"${PODS_ROOT}/Manifest.lock\" > /dev/null\nif [ $? != 0 ] ; then\n    # print error to STDERR\n    echo \"error: The sandbox is not in sync with the Podfile.lock. Run 'pod install' or update your CocoaPods installation.\" >&2\n    exit 1\nfi\n# This output is used by Xcode 'outputs' to avoid re-running this script phase.\necho \"SUCCESS\" > \"${SCRIPT_OUTPUT_FILE_0}\"\n";
			showEnvVarsInLog = 0;
		};
/* End PBXShellScriptBuildPhase section */

/* Begin PBXSourcesBuildPhase section */
		525B23EA27AEEB34009057C5 /* Sources */ = {
			isa = PBXSourcesBuildPhase;
			buildActionMask = 2147483647;
			files = (
				525B240D27B16C4C009057C5 /* NetworkDataFetcher.swift in Sources */,
				525B241627B655D2009057C5 /* LikesCollectionViewController.swift in Sources */,
				525B241827B65600009057C5 /* LikesCollectionViewCell.swift in Sources */,
				525B241227B2DC5A009057C5 /* PhotoCell.swift in Sources */,
				5260F8AE27BC0363002F84FB /* WaterfallLayout.swift in Sources */,
				525B23F227AEEB34009057C5 /* AppDelegate.swift in Sources */,
				525B240627AEED3F009057C5 /* MainTabBarController.swift in Sources */,
				525B240827AEEFA5009057C5 /* PhotosCollectionViewController.swift in Sources */,
				525B241B27B65671009057C5 /* UIKit + Extension.swift in Sources */,
				525B240A27B00282009057C5 /* NetworkService.swift in Sources */,
				525B240F27B16D07009057C5 /* SearchResults.swift in Sources */,
				525B23F427AEEB34009057C5 /* SceneDelegate.swift in Sources */,
			);
			runOnlyForDeploymentPostprocessing = 0;
		};
/* End PBXSourcesBuildPhase section */

/* Begin PBXVariantGroup section */
		525B23FC27AEEB41009057C5 /* LaunchScreen.storyboard */ = {
			isa = PBXVariantGroup;
			children = (
				525B23FD27AEEB41009057C5 /* Base */,
			);
			name = LaunchScreen.storyboard;
			sourceTree = "<group>";
		};
/* End PBXVariantGroup section */

/* Begin XCBuildConfiguration section */
		525B240027AEEB41009057C5 /* Debug */ = {
			isa = XCBuildConfiguration;
			buildSettings = {
				ALWAYS_SEARCH_USER_PATHS = NO;
				CLANG_ANALYZER_NONNULL = YES;
				CLANG_ANALYZER_NUMBER_OBJECT_CONVERSION = YES_AGGRESSIVE;
				CLANG_CXX_LANGUAGE_STANDARD = "gnu++14";
				CLANG_CXX_LIBRARY = "libc++";
				CLANG_ENABLE_MODULES = YES;
				CLANG_ENABLE_OBJC_ARC = YES;
				CLANG_ENABLE_OBJC_WEAK = YES;
				CLANG_WARN_BLOCK_CAPTURE_AUTORELEASING = YES;
				CLANG_WARN_BOOL_CONVERSION = YES;
				CLANG_WARN_COMMA = YES;
				CLANG_WARN_CONSTANT_CONVERSION = YES;
				CLANG_WARN_DEPRECATED_OBJC_IMPLEMENTATIONS = YES;
				CLANG_WARN_DIRECT_OBJC_ISA_USAGE = YES_ERROR;
				CLANG_WARN_DOCUMENTATION_COMMENTS = YES;
				CLANG_WARN_EMPTY_BODY = YES;
				CLANG_WARN_ENUM_CONVERSION = YES;
				CLANG_WARN_INFINITE_RECURSION = YES;
				CLANG_WARN_INT_CONVERSION = YES;
				CLANG_WARN_NON_LITERAL_NULL_CONVERSION = YES;
				CLANG_WARN_OBJC_IMPLICIT_RETAIN_SELF = YES;
				CLANG_WARN_OBJC_LITERAL_CONVERSION = YES;
				CLANG_WARN_OBJC_ROOT_CLASS = YES_ERROR;
				CLANG_WARN_QUOTED_INCLUDE_IN_FRAMEWORK_HEADER = YES;
				CLANG_WARN_RANGE_LOOP_ANALYSIS = YES;
				CLANG_WARN_STRICT_PROTOTYPES = YES;
				CLANG_WARN_SUSPICIOUS_MOVE = YES;
				CLANG_WARN_UNGUARDED_AVAILABILITY = YES_AGGRESSIVE;
				CLANG_WARN_UNREACHABLE_CODE = YES;
				CLANG_WARN__DUPLICATE_METHOD_MATCH = YES;
				COPY_PHASE_STRIP = NO;
				DEBUG_INFORMATION_FORMAT = dwarf;
				ENABLE_STRICT_OBJC_MSGSEND = YES;
				ENABLE_TESTABILITY = YES;
				GCC_C_LANGUAGE_STANDARD = gnu11;
				GCC_DYNAMIC_NO_PIC = NO;
				GCC_NO_COMMON_BLOCKS = YES;
				GCC_OPTIMIZATION_LEVEL = 0;
				GCC_PREPROCESSOR_DEFINITIONS = (
					"DEBUG=1",
					"$(inherited)",
				);
				GCC_WARN_64_TO_32_BIT_CONVERSION = YES;
				GCC_WARN_ABOUT_RETURN_TYPE = YES_ERROR;
				GCC_WARN_UNDECLARED_SELECTOR = YES;
				GCC_WARN_UNINITIALIZED_AUTOS = YES_AGGRESSIVE;
				GCC_WARN_UNUSED_FUNCTION = YES;
				GCC_WARN_UNUSED_VARIABLE = YES;
				IPHONEOS_DEPLOYMENT_TARGET = 14.5;
				MTL_ENABLE_DEBUG_INFO = INCLUDE_SOURCE;
				MTL_FAST_MATH = YES;
				ONLY_ACTIVE_ARCH = YES;
				SDKROOT = iphoneos;
				SWIFT_ACTIVE_COMPILATION_CONDITIONS = DEBUG;
				SWIFT_OPTIMIZATION_LEVEL = "-Onone";
			};
			name = Debug;
		};
		525B240127AEEB41009057C5 /* Release */ = {
			isa = XCBuildConfiguration;
			buildSettings = {
				ALWAYS_SEARCH_USER_PATHS = NO;
				CLANG_ANALYZER_NONNULL = YES;
				CLANG_ANALYZER_NUMBER_OBJECT_CONVERSION = YES_AGGRESSIVE;
				CLANG_CXX_LANGUAGE_STANDARD = "gnu++14";
				CLANG_CXX_LIBRARY = "libc++";
				CLANG_ENABLE_MODULES = YES;
				CLANG_ENABLE_OBJC_ARC = YES;
				CLANG_ENABLE_OBJC_WEAK = YES;
				CLANG_WARN_BLOCK_CAPTURE_AUTORELEASING = YES;
				CLANG_WARN_BOOL_CONVERSION = YES;
				CLANG_WARN_COMMA = YES;
				CLANG_WARN_CONSTANT_CONVERSION = YES;
				CLANG_WARN_DEPRECATED_OBJC_IMPLEMENTATIONS = YES;
				CLANG_WARN_DIRECT_OBJC_ISA_USAGE = YES_ERROR;
				CLANG_WARN_DOCUMENTATION_COMMENTS = YES;
				CLANG_WARN_EMPTY_BODY = YES;
				CLANG_WARN_ENUM_CONVERSION = YES;
				CLANG_WARN_INFINITE_RECURSION = YES;
				CLANG_WARN_INT_CONVERSION = YES;
				CLANG_WARN_NON_LITERAL_NULL_CONVERSION = YES;
				CLANG_WARN_OBJC_IMPLICIT_RETAIN_SELF = YES;
				CLANG_WARN_OBJC_LITERAL_CONVERSION = YES;
				CLANG_WARN_OBJC_ROOT_CLASS = YES_ERROR;
				CLANG_WARN_QUOTED_INCLUDE_IN_FRAMEWORK_HEADER = YES;
				CLANG_WARN_RANGE_LOOP_ANALYSIS = YES;
				CLANG_WARN_STRICT_PROTOTYPES = YES;
				CLANG_WARN_SUSPICIOUS_MOVE = YES;
				CLANG_WARN_UNGUARDED_AVAILABILITY = YES_AGGRESSIVE;
				CLANG_WARN_UNREACHABLE_CODE = YES;
				CLANG_WARN__DUPLICATE_METHOD_MATCH = YES;
				COPY_PHASE_STRIP = NO;
				DEBUG_INFORMATION_FORMAT = "dwarf-with-dsym";
				ENABLE_NS_ASSERTIONS = NO;
				ENABLE_STRICT_OBJC_MSGSEND = YES;
				GCC_C_LANGUAGE_STANDARD = gnu11;
				GCC_NO_COMMON_BLOCKS = YES;
				GCC_WARN_64_TO_32_BIT_CONVERSION = YES;
				GCC_WARN_ABOUT_RETURN_TYPE = YES_ERROR;
				GCC_WARN_UNDECLARED_SELECTOR = YES;
				GCC_WARN_UNINITIALIZED_AUTOS = YES_AGGRESSIVE;
				GCC_WARN_UNUSED_FUNCTION = YES;
				GCC_WARN_UNUSED_VARIABLE = YES;
				IPHONEOS_DEPLOYMENT_TARGET = 14.5;
				MTL_ENABLE_DEBUG_INFO = NO;
				MTL_FAST_MATH = YES;
				SDKROOT = iphoneos;
				SWIFT_COMPILATION_MODE = wholemodule;
				SWIFT_OPTIMIZATION_LEVEL = "-O";
				VALIDATE_PRODUCT = YES;
			};
			name = Release;
		};
		525B240327AEEB41009057C5 /* Debug */ = {
			isa = XCBuildConfiguration;
			baseConfigurationReference = DE4BDCA3AC4EFEA0FBB483E1 /* Pods-PhotoGallery.debug.xcconfig */;
			buildSettings = {
				ASSETCATALOG_COMPILER_APPICON_NAME = AppIcon;
				ASSETCATALOG_COMPILER_GLOBAL_ACCENT_COLOR_NAME = AccentColor;
				CODE_SIGN_STYLE = Automatic;
				DEVELOPMENT_TEAM = C8V9DS8345;
				INFOPLIST_FILE = PhotoGallery/Helpers/Info.plist;
				LD_RUNPATH_SEARCH_PATHS = (
					"$(inherited)",
					"@executable_path/Frameworks",
				);
				PRODUCT_BUNDLE_IDENTIFIER = Nick.PhotoGallery;
				PRODUCT_NAME = "$(TARGET_NAME)";
				SWIFT_VERSION = 5.0;
				TARGETED_DEVICE_FAMILY = "1,2";
			};
			name = Debug;
		};
		525B240427AEEB41009057C5 /* Release */ = {
			isa = XCBuildConfiguration;
			baseConfigurationReference = B0BE56D2FDCCD36A736276D5 /* Pods-PhotoGallery.release.xcconfig */;
			buildSettings = {
				ASSETCATALOG_COMPILER_APPICON_NAME = AppIcon;
				ASSETCATALOG_COMPILER_GLOBAL_ACCENT_COLOR_NAME = AccentColor;
				CODE_SIGN_STYLE = Automatic;
				DEVELOPMENT_TEAM = C8V9DS8345;
				INFOPLIST_FILE = PhotoGallery/Helpers/Info.plist;
				LD_RUNPATH_SEARCH_PATHS = (
					"$(inherited)",
					"@executable_path/Frameworks",
				);
				PRODUCT_BUNDLE_IDENTIFIER = Nick.PhotoGallery;
				PRODUCT_NAME = "$(TARGET_NAME)";
				SWIFT_VERSION = 5.0;
				TARGETED_DEVICE_FAMILY = "1,2";
			};
			name = Release;
		};
/* End XCBuildConfiguration section */

/* Begin XCConfigurationList section */
		525B23E927AEEB34009057C5 /* Build configuration list for PBXProject "PhotoGallery" */ = {
			isa = XCConfigurationList;
			buildConfigurations = (
				525B240027AEEB41009057C5 /* Debug */,
				525B240127AEEB41009057C5 /* Release */,
			);
			defaultConfigurationIsVisible = 0;
			defaultConfigurationName = Release;
		};
		525B240227AEEB41009057C5 /* Build configuration list for PBXNativeTarget "PhotoGallery" */ = {
			isa = XCConfigurationList;
			buildConfigurations = (
				525B240327AEEB41009057C5 /* Debug */,
				525B240427AEEB41009057C5 /* Release */,
			);
			defaultConfigurationIsVisible = 0;
			defaultConfigurationName = Release;
		};
/* End XCConfigurationList section */
	};
	rootObject = 525B23E627AEEB34009057C5 /* Project object */;
}
